
Microsoft Visual Studio Solution File, Format Version 12.00
# Visual Studio 15
VisualStudioVersion = 15.0.27703.2035
MinimumVisualStudioVersion = 10.0.40219.1
Project("{FAE04EC0-301F-11D3-BF4B-00C04F79EFBC}") = "ERPAngularMVC2017", "ERPAngularMVC2017\ERPAngularMVC2017.csproj", "{608C0817-1091-4633-9CF7-A1C17AAEC7DB}"
EndProject
Global
	GlobalSection(SolutionConfigurationPlatforms) = preSolution
		Debug|Any CPU = Debug|Any CPU
		Release|Any CPU = Release|Any CPU
	EndGlobalSection
	GlobalSection(ProjectConfigurationPlatforms) = postSolution
		{608C0817-1091-4633-9CF7-A1C17AAEC7DB}.Debug|Any CPU.ActiveCfg = Debug|Any CPU
		{608C0817-1091-4633-9CF7-A1C17AAEC7DB}.Debug|Any CPU.Build.0 = Debug|Any CPU
		{608C0817-1091-4633-9CF7-A1C17AAEC7DB}.Release|Any CPU.ActiveCfg = Release|Any CPU
		{608C0817-1091-4633-9CF7-A1C17AAEC7DB}.Release|Any CPU.Build.0 = Release|Any CPU
	EndGlobalSection
	GlobalSection(SolutionProperties) = preSolution
		HideSolutionNode = FALSE
	EndGlobalSection
	GlobalSection(ExtensibilityGlobals) = postSolution
		SolutionGuid = {443ED9FE-95DB-43A9-925F-8D6ADFED854D}
	EndGlobalSection
EndGlobal
